// !$*UTF8*$!
{
	archiveVersion = 1;
	classes = {
	};
	objectVersion = 50;
	objects = {

/* Begin PBXBuildFile section */
		7A04C350243E6B970084A511 /* AppDelegate.swift in Sources */ = {isa = PBXBuildFile; fileRef = 7A04C34F243E6B970084A511 /* AppDelegate.swift */; };
		7A04C352243E6B970084A511 /* SceneDelegate.swift in Sources */ = {isa = PBXBuildFile; fileRef = 7A04C351243E6B970084A511 /* SceneDelegate.swift */; };
		7A04C354243E6B970084A511 /* ViewController.swift in Sources */ = {isa = PBXBuildFile; fileRef = 7A04C353243E6B970084A511 /* ViewController.swift */; };
		7A04C357243E6B970084A511 /* Main.storyboard in Resources */ = {isa = PBXBuildFile; fileRef = 7A04C355243E6B970084A511 /* Main.storyboard */; };
		7A04C359243E6BBF0084A511 /* Assets.xcassets in Resources */ = {isa = PBXBuildFile; fileRef = 7A04C358243E6BBF0084A511 /* Assets.xcassets */; };
		7A04C35C243E6BBF0084A511 /* LaunchScreen.storyboard in Resources */ = {isa = PBXBuildFile; fileRef = 7A04C35A243E6BBF0084A511 /* LaunchScreen.storyboard */; };
		7A04C367243E6BBF0084A511 /* TouchTrackerTests.swift in Sources */ = {isa = PBXBuildFile; fileRef = 7A04C366243E6BBF0084A511 /* TouchTrackerTests.swift */; };
		7A04C372243E6BBF0084A511 /* TouchTrackerUITests.swift in Sources */ = {isa = PBXBuildFile; fileRef = 7A04C371243E6BBF0084A511 /* TouchTrackerUITests.swift */; };
		7A04C380243E6BE10084A511 /* Line.swift in Sources */ = {isa = PBXBuildFile; fileRef = 7A04C37F243E6BE10084A511 /* Line.swift */; };
		7A04C382243E6C010084A511 /* DrawView.swift in Sources */ = {isa = PBXBuildFile; fileRef = 7A04C381243E6C010084A511 /* DrawView.swift */; };
/* End PBXBuildFile section */

/* Begin PBXContainerItemProxy section */
		7A04C363243E6BBF0084A511 /* PBXContainerItemProxy */ = {
			isa = PBXContainerItemProxy;
			containerPortal = 7A04C344243E6B970084A511 /* Project object */;
			proxyType = 1;
			remoteGlobalIDString = 7A04C34B243E6B970084A511;
			remoteInfo = TouchTracker;
		};
		7A04C36E243E6BBF0084A511 /* PBXContainerItemProxy */ = {
			isa = PBXContainerItemProxy;
			containerPortal = 7A04C344243E6B970084A511 /* Project object */;
			proxyType = 1;
			remoteGlobalIDString = 7A04C34B243E6B970084A511;
			remoteInfo = TouchTracker;
		};
/* End PBXContainerItemProxy section */

/* Begin PBXFileReference section */
		7A04C34C243E6B970084A511 /* TouchTracker.app */ = {isa = PBXFileReference; explicitFileType = wrapper.application; includeInIndex = 0; path = TouchTracker.app; sourceTree = BUILT_PRODUCTS_DIR; };
		7A04C34F243E6B970084A511 /* AppDelegate.swift */ = {isa = PBXFileReference; lastKnownFileType = sourcecode.swift; path = AppDelegate.swift; sourceTree = "<group>"; };
		7A04C351243E6B970084A511 /* SceneDelegate.swift */ = {isa = PBXFileReference; lastKnownFileType = sourcecode.swift; path = SceneDelegate.swift; sourceTree = "<group>"; };
		7A04C353243E6B970084A511 /* ViewController.swift */ = {isa = PBXFileReference; lastKnownFileType = sourcecode.swift; path = ViewController.swift; sourceTree = "<group>"; };
		7A04C356243E6B970084A511 /* Base */ = {isa = PBXFileReference; lastKnownFileType = file.storyboard; name = Base; path = Base.lproj/Main.storyboard; sourceTree = "<group>"; };
		7A04C358243E6BBF0084A511 /* Assets.xcassets */ = {isa = PBXFileReference; lastKnownFileType = folder.assetcatalog; path = Assets.xcassets; sourceTree = "<group>"; };
		7A04C35B243E6BBF0084A511 /* Base */ = {isa = PBXFileReference; lastKnownFileType = file.storyboard; name = Base; path = Base.lproj/LaunchScreen.storyboard; sourceTree = "<group>"; };
		7A04C35D243E6BBF0084A511 /* Info.plist */ = {isa = PBXFileReference; lastKnownFileType = text.plist.xml; path = Info.plist; sourceTree = "<group>"; };
		7A04C362243E6BBF0084A511 /* TouchTrackerTests.xctest */ = {isa = PBXFileReference; explicitFileType = wrapper.cfbundle; includeInIndex = 0; path = TouchTrackerTests.xctest; sourceTree = BUILT_PRODUCTS_DIR; };
		7A04C366243E6BBF0084A511 /* TouchTrackerTests.swift */ = {isa = PBXFileReference; lastKnownFileType = sourcecode.swift; path = TouchTrackerTests.swift; sourceTree = "<group>"; };
		7A04C368243E6BBF0084A511 /* Info.plist */ = {isa = PBXFileReference; lastKnownFileType = text.plist.xml; path = Info.plist; sourceTree = "<group>"; };
		7A04C36D243E6BBF0084A511 /* TouchTrackerUITests.xctest */ = {isa = PBXFileReference; explicitFileType = wrapper.cfbundle; includeInIndex = 0; path = TouchTrackerUITests.xctest; sourceTree = BUILT_PRODUCTS_DIR; };
		7A04C371243E6BBF0084A511 /* TouchTrackerUITests.swift */ = {isa = PBXFileReference; lastKnownFileType = sourcecode.swift; path = TouchTrackerUITests.swift; sourceTree = "<group>"; };
		7A04C373243E6BBF0084A511 /* Info.plist */ = {isa = PBXFileReference; lastKnownFileType = text.plist.xml; path = Info.plist; sourceTree = "<group>"; };
		7A04C37F243E6BE10084A511 /* Line.swift */ = {isa = PBXFileReference; lastKnownFileType = sourcecode.swift; path = Line.swift; sourceTree = "<group>"; };
		7A04C381243E6C010084A511 /* DrawView.swift */ = {isa = PBXFileReference; lastKnownFileType = sourcecode.swift; path = DrawView.swift; sourceTree = "<group>"; };
/* End PBXFileReference section */

/* Begin PBXFrameworksBuildPhase section */
		7A04C349243E6B970084A511 /* Frameworks */ = {
			isa = PBXFrameworksBuildPhase;
			buildActionMask = 2147483647;
			files = (
			);
			runOnlyForDeploymentPostprocessing = 0;
		};
		7A04C35F243E6BBF0084A511 /* Frameworks */ = {
			isa = PBXFrameworksBuildPhase;
			buildActionMask = 2147483647;
			files = (
			);
			runOnlyForDeploymentPostprocessing = 0;
		};
		7A04C36A243E6BBF0084A511 /* Frameworks */ = {
			isa = PBXFrameworksBuildPhase;
			buildActionMask = 2147483647;
			files = (
			);
			runOnlyForDeploymentPostprocessing = 0;
		};
/* End PBXFrameworksBuildPhase section */

/* Begin PBXGroup section */
		7A04C343243E6B960084A511 = {
			isa = PBXGroup;
			children = (
				7A04C34E243E6B970084A511 /* TouchTracker */,
				7A04C365243E6BBF0084A511 /* TouchTrackerTests */,
				7A04C370243E6BBF0084A511 /* TouchTrackerUITests */,
				7A04C34D243E6B970084A511 /* Products */,
			);
			sourceTree = "<group>";
		};
		7A04C34D243E6B970084A511 /* Products */ = {
			isa = PBXGroup;
			children = (
				7A04C34C243E6B970084A511 /* TouchTracker.app */,
				7A04C362243E6BBF0084A511 /* TouchTrackerTests.xctest */,
				7A04C36D243E6BBF0084A511 /* TouchTrackerUITests.xctest */,
			);
			name = Products;
			sourceTree = "<group>";
		};
		7A04C34E243E6B970084A511 /* TouchTracker */ = {
			isa = PBXGroup;
			children = (
				7A04C34F243E6B970084A511 /* AppDelegate.swift */,
				7A04C351243E6B970084A511 /* SceneDelegate.swift */,
				7A04C353243E6B970084A511 /* ViewController.swift */,
				7A04C355243E6B970084A511 /* Main.storyboard */,
				7A04C358243E6BBF0084A511 /* Assets.xcassets */,
				7A04C35A243E6BBF0084A511 /* LaunchScreen.storyboard */,
				7A04C35D243E6BBF0084A511 /* Info.plist */,
				7A04C37F243E6BE10084A511 /* Line.swift */,
				7A04C381243E6C010084A511 /* DrawView.swift */,
			);
			path = TouchTracker;
			sourceTree = "<group>";
		};
		7A04C365243E6BBF0084A511 /* TouchTrackerTests */ = {
			isa = PBXGroup;
			children = (
				7A04C366243E6BBF0084A511 /* TouchTrackerTests.swift */,
				7A04C368243E6BBF0084A511 /* Info.plist */,
			);
			path = TouchTrackerTests;
			sourceTree = "<group>";
		};
		7A04C370243E6BBF0084A511 /* TouchTrackerUITests */ = {
			isa = PBXGroup;
			children = (
				7A04C371243E6BBF0084A511 /* TouchTrackerUITests.swift */,
				7A04C373243E6BBF0084A511 /* Info.plist */,
			);
			path = TouchTrackerUITests;
			sourceTree = "<group>";
		};
/* End PBXGroup section */

/* Begin PBXNativeTarget section */
		7A04C34B243E6B970084A511 /* TouchTracker */ = {
			isa = PBXNativeTarget;
			buildConfigurationList = 7A04C376243E6BBF0084A511 /* Build configuration list for PBXNativeTarget "TouchTracker" */;
			buildPhases = (
				7A04C348243E6B970084A511 /* Sources */,
				7A04C349243E6B970084A511 /* Frameworks */,
				7A04C34A243E6B970084A511 /* Resources */,
			);
			buildRules = (
			);
			dependencies = (
			);
			name = TouchTracker;
			productName = TouchTracker;
			productReference = 7A04C34C243E6B970084A511 /* TouchTracker.app */;
			productType = "com.apple.product-type.application";
		};
		7A04C361243E6BBF0084A511 /* TouchTrackerTests */ = {
			isa = PBXNativeTarget;
			buildConfigurationList = 7A04C379243E6BBF0084A511 /* Build configuration list for PBXNativeTarget "TouchTrackerTests" */;
			buildPhases = (
				7A04C35E243E6BBF0084A511 /* Sources */,
				7A04C35F243E6BBF0084A511 /* Frameworks */,
				7A04C360243E6BBF0084A511 /* Resources */,
			);
			buildRules = (
			);
			dependencies = (
				7A04C364243E6BBF0084A511 /* PBXTargetDependency */,
			);
			name = TouchTrackerTests;
			productName = TouchTrackerTests;
			productReference = 7A04C362243E6BBF0084A511 /* TouchTrackerTests.xctest */;
			productType = "com.apple.product-type.bundle.unit-test";
		};
		7A04C36C243E6BBF0084A511 /* TouchTrackerUITests */ = {
			isa = PBXNativeTarget;
			buildConfigurationList = 7A04C37C243E6BBF0084A511 /* Build configuration list for PBXNativeTarget "TouchTrackerUITests" */;
			buildPhases = (
				7A04C369243E6BBF0084A511 /* Sources */,
				7A04C36A243E6BBF0084A511 /* Frameworks */,
				7A04C36B243E6BBF0084A511 /* Resources */,
			);
			buildRules = (
			);
			dependencies = (
				7A04C36F243E6BBF0084A511 /* PBXTargetDependency */,
			);
			name = TouchTrackerUITests;
			productName = TouchTrackerUITests;
			productReference = 7A04C36D243E6BBF0084A511 /* TouchTrackerUITests.xctest */;
			productType = "com.apple.product-type.bundle.ui-testing";
		};
/* End PBXNativeTarget section */

/* Begin PBXProject section */
		7A04C344243E6B970084A511 /* Project object */ = {
			isa = PBXProject;
			attributes = {
				LastSwiftUpdateCheck = 1130;
				LastUpgradeCheck = 1130;
				ORGANIZATIONNAME = "Big Nerd Ranch";
				TargetAttributes = {
					7A04C34B243E6B970084A511 = {
						CreatedOnToolsVersion = 11.3.1;
					};
					7A04C361243E6BBF0084A511 = {
						CreatedOnToolsVersion = 11.3.1;
						TestTargetID = 7A04C34B243E6B970084A511;
					};
					7A04C36C243E6BBF0084A511 = {
						CreatedOnToolsVersion = 11.3.1;
						TestTargetID = 7A04C34B243E6B970084A511;
					};
				};
			};
			buildConfigurationList = 7A04C347243E6B970084A511 /* Build configuration list for PBXProject "TouchTracker" */;
			compatibilityVersion = "Xcode 9.3";
			developmentRegion = en;
			hasScannedForEncodings = 0;
			knownRegions = (
				en,
				Base,
			);
			mainGroup = 7A04C343243E6B960084A511;
			productRefGroup = 7A04C34D243E6B970084A511 /* Products */;
			projectDirPath = "";
			projectRoot = "";
			targets = (
				7A04C34B243E6B970084A511 /* TouchTracker */,
				7A04C361243E6BBF0084A511 /* TouchTrackerTests */,
				7A04C36C243E6BBF0084A511 /* TouchTrackerUITests */,
			);
		};
/* End PBXProject section */

/* Begin PBXResourcesBuildPhase section */
		7A04C34A243E6B970084A511 /* Resources */ = {
			isa = PBXResourcesBuildPhase;
			buildActionMask = 2147483647;
			files = (
				7A04C35C243E6BBF0084A511 /* LaunchScreen.storyboard in Resources */,
				7A04C359243E6BBF0084A511 /* Assets.xcassets in Resources */,
				7A04C357243E6B970084A511 /* Main.storyboard in Resources */,
			);
			runOnlyForDeploymentPostprocessing = 0;
		};
		7A04C360243E6BBF0084A511 /* Resources */ = {
			isa = PBXResourcesBuildPhase;
			buildActionMask = 2147483647;
			files = (
			);
			runOnlyForDeploymentPostprocessing = 0;
		};
		7A04C36B243E6BBF0084A511 /* Resources */ = {
			isa = PBXResourcesBuildPhase;
			buildActionMask = 2147483647;
			files = (
			);
			runOnlyForDeploymentPostprocessing = 0;
		};
/* End PBXResourcesBuildPhase section */

/* Begin PBXSourcesBuildPhase section */
		7A04C348243E6B970084A511 /* Sources */ = {
			isa = PBXSourcesBuildPhase;
			buildActionMask = 2147483647;
			files = (
				7A04C354243E6B970084A511 /* ViewController.swift in Sources */,
				7A04C382243E6C010084A511 /* DrawView.swift in Sources */,
				7A04C380243E6BE10084A511 /* Line.swift in Sources */,
				7A04C350243E6B970084A511 /* AppDelegate.swift in Sources */,
				7A04C352243E6B970084A511 /* SceneDelegate.swift in Sources */,
			);
			runOnlyForDeploymentPostprocessing = 0;
		};
		7A04C35E243E6BBF0084A511 /* Sources */ = {
			isa = PBXSourcesBuildPhase;
			buildActionMask = 2147483647;
			files = (
				7A04C367243E6BBF0084A511 /* TouchTrackerTests.swift in Sources */,
			);
			runOnlyForDeploymentPostprocessing = 0;
		};
		7A04C369243E6BBF0084A511 /* Sources */ = {
			isa = PBXSourcesBuildPhase;
			buildActionMask = 2147483647;
			files = (
				7A04C372243E6BBF0084A511 /* TouchTrackerUITests.swift in Sources */,
			);
			runOnlyForDeploymentPostprocessing = 0;
		};
/* End PBXSourcesBuildPhase section */

/* Begin PBXTargetDependency section */
		7A04C364243E6BBF0084A511 /* PBXTargetDependency */ = {
			isa = PBXTargetDependency;
			target = 7A04C34B243E6B970084A511 /* TouchTracker */;
			targetProxy = 7A04C363243E6BBF0084A511 /* PBXContainerItemProxy */;
		};
		7A04C36F243E6BBF0084A511 /* PBXTargetDependency */ = {
			isa = PBXTargetDependency;
			target = 7A04C34B243E6B970084A511 /* TouchTracker */;
			targetProxy = 7A04C36E243E6BBF0084A511 /* PBXContainerItemProxy */;
		};
/* End PBXTargetDependency section */

/* Begin PBXVariantGroup section */
		7A04C355243E6B970084A511 /* Main.storyboard */ = {
			isa = PBXVariantGroup;
			children = (
				7A04C356243E6B970084A511 /* Base */,
			);
			name = Main.storyboard;
			sourceTree = "<group>";
		};
		7A04C35A243E6BBF0084A511 /* LaunchScreen.storyboard */ = {
			isa = PBXVariantGroup;
			children = (
				7A04C35B243E6BBF0084A511 /* Base */,
			);
			name = LaunchScreen.storyboard;
			sourceTree = "<group>";
		};
/* End PBXVariantGroup section */

/* Begin XCBuildConfiguration section */
		7A04C374243E6BBF0084A511 /* Debug */ = {
			isa = XCBuildConfiguration;
			buildSettings = {
				ALWAYS_SEARCH_USER_PATHS = NO;
				CLANG_ANALYZER_NONNULL = YES;
				CLANG_ANALYZER_NUMBER_OBJECT_CONVERSION = YES_AGGRESSIVE;
				CLANG_CXX_LANGUAGE_STANDARD = "gnu++14";
				CLANG_CXX_LIBRARY = "libc++";
				CLANG_ENABLE_MODULES = YES;
				CLANG_ENABLE_OBJC_ARC = YES;
				CLANG_ENABLE_OBJC_WEAK = YES;
				CLANG_WARN_BLOCK_CAPTURE_AUTORELEASING = YES;
				CLANG_WARN_BOOL_CONVERSION = YES;
				CLANG_WARN_COMMA = YES;
				CLANG_WARN_CONSTANT_CONVERSION = YES;
				CLANG_WARN_DEPRECATED_OBJC_IMPLEMENTATIONS = YES;
				CLANG_WARN_DIRECT_OBJC_ISA_USAGE = YES_ERROR;
				CLANG_WARN_DOCUMENTATION_COMMENTS = YES;
				CLANG_WARN_EMPTY_BODY = YES;
				CLANG_WARN_ENUM_CONVERSION = YES;
				CLANG_WARN_INFINITE_RECURSION = YES;
				CLANG_WARN_INT_CONVERSION = YES;
				CLANG_WARN_NON_LITERAL_NULL_CONVERSION = YES;
				CLANG_WARN_OBJC_IMPLICIT_RETAIN_SELF = YES;
				CLANG_WARN_OBJC_LITERAL_CONVERSION = YES;
				CLANG_WARN_OBJC_ROOT_CLASS = YES_ERROR;
				CLANG_WARN_RANGE_LOOP_ANALYSIS = YES;
				CLANG_WARN_STRICT_PROTOTYPES = YES;
				CLANG_WARN_SUSPICIOUS_MOVE = YES;
				CLANG_WARN_UNGUARDED_AVAILABILITY = YES_AGGRESSIVE;
				CLANG_WARN_UNREACHABLE_CODE = YES;
				CLANG_WARN__DUPLICATE_METHOD_MATCH = YES;
				COPY_PHASE_STRIP = NO;
				DEBUG_INFORMATION_FORMAT = dwarf;
				ENABLE_STRICT_OBJC_MSGSEND = YES;
				ENABLE_TESTABILITY = YES;
				GCC_C_LANGUAGE_STANDARD = gnu11;
				GCC_DYNAMIC_NO_PIC = NO;
				GCC_NO_COMMON_BLOCKS = YES;
				GCC_OPTIMIZATION_LEVEL = 0;
				GCC_PREPROCESSOR_DEFINITIONS = (
					"DEBUG=1",
					"$(inherited)",
				);
				GCC_WARN_64_TO_32_BIT_CONVERSION = YES;
				GCC_WARN_ABOUT_RETURN_TYPE = YES_ERROR;
				GCC_WARN_UNDECLARED_SELECTOR = YES;
				GCC_WARN_UNINITIALIZED_AUTOS = YES_AGGRESSIVE;
				GCC_WARN_UNUSED_FUNCTION = YES;
				GCC_WARN_UNUSED_VARIABLE = YES;
				IPHONEOS_DEPLOYMENT_TARGET = 13.2;
				MTL_ENABLE_DEBUG_INFO = INCLUDE_SOURCE;
				MTL_FAST_MATH = YES;
				ONLY_ACTIVE_ARCH = YES;
				SDKROOT = iphoneos;
				SWIFT_ACTIVE_COMPILATION_CONDITIONS = DEBUG;
				SWIFT_OPTIMIZATION_LEVEL = "-Onone";
			};
			name = Debug;
		};
		7A04C375243E6BBF0084A511 /* Release */ = {
			isa = XCBuildConfiguration;
			buildSettings = {
				ALWAYS_SEARCH_USER_PATHS = NO;
				CLANG_ANALYZER_NONNULL = YES;
				CLANG_ANALYZER_NUMBER_OBJECT_CONVERSION = YES_AGGRESSIVE;
				CLANG_CXX_LANGUAGE_STANDARD = "gnu++14";
				CLANG_CXX_LIBRARY = "libc++";
				CLANG_ENABLE_MODULES = YES;
				CLANG_ENABLE_OBJC_ARC = YES;
				CLANG_ENABLE_OBJC_WEAK = YES;
				CLANG_WARN_BLOCK_CAPTURE_AUTORELEASING = YES;
				CLANG_WARN_BOOL_CONVERSION = YES;
				CLANG_WARN_COMMA = YES;
				CLANG_WARN_CONSTANT_CONVERSION = YES;
				CLANG_WARN_DEPRECATED_OBJC_IMPLEMENTATIONS = YES;
				CLANG_WARN_DIRECT_OBJC_ISA_USAGE = YES_ERROR;
				CLANG_WARN_DOCUMENTATION_COMMENTS = YES;
				CLANG_WARN_EMPTY_BODY = YES;
				CLANG_WARN_ENUM_CONVERSION = YES;
				CLANG_WARN_INFINITE_RECURSION = YES;
				CLANG_WARN_INT_CONVERSION = YES;
				CLANG_WARN_NON_LITERAL_NULL_CONVERSION = YES;
				CLANG_WARN_OBJC_IMPLICIT_RETAIN_SELF = YES;
				CLANG_WARN_OBJC_LITERAL_CONVERSION = YES;
				CLANG_WARN_OBJC_ROOT_CLASS = YES_ERROR;
				CLANG_WARN_RANGE_LOOP_ANALYSIS = YES;
				CLANG_WARN_STRICT_PROTOTYPES = YES;
				CLANG_WARN_SUSPICIOUS_MOVE = YES;
				CLANG_WARN_UNGUARDED_AVAILABILITY = YES_AGGRESSIVE;
				CLANG_WARN_UNREACHABLE_CODE = YES;
				CLANG_WARN__DUPLICATE_METHOD_MATCH = YES;
				COPY_PHASE_STRIP = NO;
				DEBUG_INFORMATION_FORMAT = "dwarf-with-dsym";
				ENABLE_NS_ASSERTIONS = NO;
				ENABLE_STRICT_OBJC_MSGSEND = YES;
				GCC_C_LANGUAGE_STANDARD = gnu11;
				GCC_NO_COMMON_BLOCKS = YES;
				GCC_WARN_64_TO_32_BIT_CONVERSION = YES;
				GCC_WARN_ABOUT_RETURN_TYPE = YES_ERROR;
				GCC_WARN_UNDECLARED_SELECTOR = YES;
				GCC_WARN_UNINITIALIZED_AUTOS = YES_AGGRESSIVE;
				GCC_WARN_UNUSED_FUNCTION = YES;
				GCC_WARN_UNUSED_VARIABLE = YES;
				IPHONEOS_DEPLOYMENT_TARGET = 13.2;
				MTL_ENABLE_DEBUG_INFO = NO;
				MTL_FAST_MATH = YES;
				SDKROOT = iphoneos;
				SWIFT_COMPILATION_MODE = wholemodule;
				SWIFT_OPTIMIZATION_LEVEL = "-O";
				VALIDATE_PRODUCT = YES;
			};
			name = Release;
		};
		7A04C377243E6BBF0084A511 /* Debug */ = {
			isa = XCBuildConfiguration;
			buildSettings = {
				ASSETCATALOG_COMPILER_APPICON_NAME = AppIcon;
				CODE_SIGN_STYLE = Automatic;
				DEVELOPMENT_TEAM = B4F2DNS9H8;
				INFOPLIST_FILE = TouchTracker/Info.plist;
				LD_RUNPATH_SEARCH_PATHS = (
					"$(inherited)",
					"@executable_path/Frameworks",
				);
				PRODUCT_BUNDLE_IDENTIFIER = com.bignerdranch.TouchTracker;
				PRODUCT_NAME = "$(TARGET_NAME)";
				SWIFT_VERSION = 5.0;
				TARGETED_DEVICE_FAMILY = "1,2";
			};
			name = Debug;
		};
		7A04C378243E6BBF0084A511 /* Release */ = {
			isa = XCBuildConfiguration;
			buildSettings = {
				ASSETCATALOG_COMPILER_APPICON_NAME = AppIcon;
				CODE_SIGN_STYLE = Automatic;
				DEVELOPMENT_TEAM = B4F2DNS9H8;
				INFOPLIST_FILE = TouchTracker/Info.plist;
				LD_RUNPATH_SEARCH_PATHS = (
					"$(inherited)",
					"@executable_path/Frameworks",
				);
				PRODUCT_BUNDLE_IDENTIFIER = com.bignerdranch.TouchTracker;
				PRODUCT_NAME = "$(TARGET_NAME)";
				SWIFT_VERSION = 5.0;
				TARGETED_DEVICE_FAMILY = "1,2";
			};
			name = Release;
		};
		7A04C37A243E6BBF0084A511 /* Debug */ = {
			isa = XCBuildConfiguration;
			buildSettings = {
				ALWAYS_EMBED_SWIFT_STANDARD_LIBRARIES = YES;
				BUNDLE_LOADER = "$(TEST_HOST)";
				CODE_SIGN_STYLE = Automatic;
				DEVELOPMENT_TEAM = B4F2DNS9H8;
				INFOPLIST_FILE = TouchTrackerTests/Info.plist;
				IPHONEOS_DEPLOYMENT_TARGET = 13.2;
				LD_RUNPATH_SEARCH_PATHS = (
					"$(inherited)",
					"@executable_path/Frameworks",
					"@loader_path/Frameworks",
				);
				PRODUCT_BUNDLE_IDENTIFIER = com.bignerdranch.TouchTrackerTests;
				PRODUCT_NAME = "$(TARGET_NAME)";
				SWIFT_VERSION = 5.0;
				TARGETED_DEVICE_FAMILY = "1,2";
				TEST_HOST = "$(BUILT_PRODUCTS_DIR)/TouchTracker.app/TouchTracker";
			};
			name = Debug;
		};
		7A04C37B243E6BBF0084A511 /* Release */ = {
			isa = XCBuildConfiguration;
			buildSettings = {
				ALWAYS_EMBED_SWIFT_STANDARD_LIBRARIES = YES;
				BUNDLE_LOADER = "$(TEST_HOST)";
				CODE_SIGN_STYLE = Automatic;
				DEVELOPMENT_TEAM = B4F2DNS9H8;
				INFOPLIST_FILE = TouchTrackerTests/Info.plist;
				IPHONEOS_DEPLOYMENT_TARGET = 13.2;
				LD_RUNPATH_SEARCH_PATHS = (
					"$(inherited)",
					"@executable_path/Frameworks",
					"@loader_path/Frameworks",
				);
				PRODUCT_BUNDLE_IDENTIFIER = com.bignerdranch.TouchTrackerTests;
				PRODUCT_NAME = "$(TARGET_NAME)";
				SWIFT_VERSION = 5.0;
				TARGETED_DEVICE_FAMILY = "1,2";
				TEST_HOST = "$(BUILT_PRODUCTS_DIR)/TouchTracker.app/TouchTracker";
			};
			name = Release;
		};
		7A04C37D243E6BBF0084A511 /* Debug */ = {
			isa = XCBuildConfiguration;
			buildSettings = {
				ALWAYS_EMBED_SWIFT_STANDARD_LIBRARIES = YES;
				CODE_SIGN_STYLE = Automatic;
				DEVELOPMENT_TEAM = B4F2DNS9H8;
				INFOPLIST_FILE = TouchTrackerUITests/Info.plist;
				LD_RUNPATH_SEARCH_PATHS = (
					"$(inherited)",
					"@executable_path/Frameworks",
					"@loader_path/Frameworks",
				);
				PRODUCT_BUNDLE_IDENTIFIER = com.bignerdranch.TouchTrackerUITests;
				PRODUCT_NAME = "$(TARGET_NAME)";
				SWIFT_VERSION = 5.0;
				TARGETED_DEVICE_FAMILY = "1,2";
				TEST_TARGET_NAME = TouchTracker;
			};
			name = Debug;
		};
		7A04C37E243E6BBF0084A511 /* Release */ = {
			isa = XCBuildConfiguration;
			buildSettings = {
				ALWAYS_EMBED_SWIFT_STANDARD_LIBRARIES = YES;
				CODE_SIGN_STYLE = Automatic;
				DEVELOPMENT_TEAM = B4F2DNS9H8;
				INFOPLIST_FILE = TouchTrackerUITests/Info.plist;
				LD_RUNPATH_SEARCH_PATHS = (
					"$(inherited)",
					"@executable_path/Frameworks",
					"@loader_path/Frameworks",
				);
				PRODUCT_BUNDLE_IDENTIFIER = com.bignerdranch.TouchTrackerUITests;
				PRODUCT_NAME = "$(TARGET_NAME)";
				SWIFT_VERSION = 5.0;
				TARGETED_DEVICE_FAMILY = "1,2";
				TEST_TARGET_NAME = TouchTracker;
			};
			name = Release;
		};
/* End XCBuildConfiguration section */

/* Begin XCConfigurationList section */
		7A04C347243E6B970084A511 /* Build configuration list for PBXProject "TouchTracker" */ = {
			isa = XCConfigurationList;
			buildConfigurations = (
				7A04C374243E6BBF0084A511 /* Debug */,
				7A04C375243E6BBF0084A511 /* Release */,
			);
			defaultConfigurationIsVisible = 0;
			defaultConfigurationName = Release;
		};
		7A04C376243E6BBF0084A511 /* Build configuration list for PBXNativeTarget "TouchTracker" */ = {
			isa = XCConfigurationList;
			buildConfigurations = (
				7A04C377243E6BBF0084A511 /* Debug */,
				7A04C378243E6BBF0084A511 /* Release */,
			);
			defaultConfigurationIsVisible = 0;
			defaultConfigurationName = Release;
		};
		7A04C379243E6BBF0084A511 /* Build configuration list for PBXNativeTarget "TouchTrackerTests" */ = {
			isa = XCConfigurationList;
			buildConfigurations = (
				7A04C37A243E6BBF0084A511 /* Debug */,
				7A04C37B243E6BBF0084A511 /* Release */,
			);
			defaultConfigurationIsVisible = 0;
			defaultConfigurationName = Release;
		};
		7A04C37C243E6BBF0084A511 /* Build configuration list for PBXNativeTarget "TouchTrackerUITests" */ = {
			isa = XCConfigurationList;
			buildConfigurations = (
				7A04C37D243E6BBF0084A511 /* Debug */,
				7A04C37E243E6BBF0084A511 /* Release */,
			);
			defaultConfigurationIsVisible = 0;
			defaultConfigurationName = Release;
		};
/* End XCConfigurationList section */
	};
	rootObject = 7A04C344243E6B970084A511 /* Project object */;
}
